// !$*UTF8*$!
{
	archiveVersion = 1;
	classes = {
	};
	objectVersion = 46;
	objects = {

/* Begin PBXBuildFile section */
		3D398E171ECC2C21002E7BC7 /* MyEventsTableViewCell.xib in Resources */ = {isa = PBXBuildFile; fileRef = 3D398E131ECC2C21002E7BC7 /* MyEventsTableViewCell.xib */; };
		3D398E181ECC2C21002E7BC7 /* MyEventsTableViewCell.swift in Sources */ = {isa = PBXBuildFile; fileRef = 3D398E141ECC2C21002E7BC7 /* MyEventsTableViewCell.swift */; };
		3D398E191ECC2C21002E7BC7 /* EventsTableViewCell.xib in Resources */ = {isa = PBXBuildFile; fileRef = 3D398E151ECC2C21002E7BC7 /* EventsTableViewCell.xib */; };
		3D398E1A1ECC2C21002E7BC7 /* EventsTableViewCell.swift in Sources */ = {isa = PBXBuildFile; fileRef = 3D398E161ECC2C21002E7BC7 /* EventsTableViewCell.swift */; };
		3D398E1F1ECC2C5B002E7BC7 /* MainViewController.swift in Sources */ = {isa = PBXBuildFile; fileRef = 3D398E1C1ECC2C5B002E7BC7 /* MainViewController.swift */; };
		3D398E201ECC2C5B002E7BC7 /* LoginViewController.swift in Sources */ = {isa = PBXBuildFile; fileRef = 3D398E1D1ECC2C5B002E7BC7 /* LoginViewController.swift */; };
		3D398E211ECC2C5B002E7BC7 /* ListenToAPI.swift in Sources */ = {isa = PBXBuildFile; fileRef = 3D398E1E1ECC2C5B002E7BC7 /* ListenToAPI.swift */; };
		3D398E241ECC385E002E7BC7 /* MyEventsViewController.swift in Sources */ = {isa = PBXBuildFile; fileRef = 3D398E231ECC385E002E7BC7 /* MyEventsViewController.swift */; };
		3D398E261ECC3879002E7BC7 /* EventsViewController.swift in Sources */ = {isa = PBXBuildFile; fileRef = 3D398E251ECC3879002E7BC7 /* EventsViewController.swift */; };
		524185EF1ECC249C005882E0 /* AppDelegate.swift in Sources */ = {isa = PBXBuildFile; fileRef = 524185EE1ECC249C005882E0 /* AppDelegate.swift */; };
		524185F41ECC249C005882E0 /* Main.storyboard in Resources */ = {isa = PBXBuildFile; fileRef = 524185F21ECC249C005882E0 /* Main.storyboard */; };
		524185F61ECC249C005882E0 /* Assets.xcassets in Resources */ = {isa = PBXBuildFile; fileRef = 524185F51ECC249C005882E0 /* Assets.xcassets */; };
		524185F91ECC249C005882E0 /* LaunchScreen.storyboard in Resources */ = {isa = PBXBuildFile; fileRef = 524185F71ECC249C005882E0 /* LaunchScreen.storyboard */; };
		524186041ECC2AC0005882E0 /* CollectionViewCell.swift in Sources */ = {isa = PBXBuildFile; fileRef = 524186031ECC2AC0005882E0 /* CollectionViewCell.swift */; };
		524186071ECC2B01005882E0 /* CustomFlowLayout.swift in Sources */ = {isa = PBXBuildFile; fileRef = 524186061ECC2B01005882E0 /* CustomFlowLayout.swift */; };
/* End PBXBuildFile section */

/* Begin PBXFileReference section */
		3D398E131ECC2C21002E7BC7 /* MyEventsTableViewCell.xib */ = {isa = PBXFileReference; fileEncoding = 4; lastKnownFileType = file.xib; path = MyEventsTableViewCell.xib; sourceTree = "<group>"; };
		3D398E141ECC2C21002E7BC7 /* MyEventsTableViewCell.swift */ = {isa = PBXFileReference; fileEncoding = 4; lastKnownFileType = sourcecode.swift; path = MyEventsTableViewCell.swift; sourceTree = "<group>"; };
		3D398E151ECC2C21002E7BC7 /* EventsTableViewCell.xib */ = {isa = PBXFileReference; fileEncoding = 4; lastKnownFileType = file.xib; path = EventsTableViewCell.xib; sourceTree = "<group>"; };
		3D398E161ECC2C21002E7BC7 /* EventsTableViewCell.swift */ = {isa = PBXFileReference; fileEncoding = 4; lastKnownFileType = sourcecode.swift; path = EventsTableViewCell.swift; sourceTree = "<group>"; };
		3D398E1C1ECC2C5B002E7BC7 /* MainViewController.swift */ = {isa = PBXFileReference; fileEncoding = 4; lastKnownFileType = sourcecode.swift; path = MainViewController.swift; sourceTree = "<group>"; };
		3D398E1D1ECC2C5B002E7BC7 /* LoginViewController.swift */ = {isa = PBXFileReference; fileEncoding = 4; lastKnownFileType = sourcecode.swift; path = LoginViewController.swift; sourceTree = "<group>"; };
		3D398E1E1ECC2C5B002E7BC7 /* ListenToAPI.swift */ = {isa = PBXFileReference; fileEncoding = 4; lastKnownFileType = sourcecode.swift; path = ListenToAPI.swift; sourceTree = "<group>"; };
		3D398E231ECC385E002E7BC7 /* MyEventsViewController.swift */ = {isa = PBXFileReference; fileEncoding = 4; lastKnownFileType = sourcecode.swift; path = MyEventsViewController.swift; sourceTree = "<group>"; };
		3D398E251ECC3879002E7BC7 /* EventsViewController.swift */ = {isa = PBXFileReference; fileEncoding = 4; lastKnownFileType = sourcecode.swift; path = EventsViewController.swift; sourceTree = "<group>"; };
		524185EB1ECC249C005882E0 /* FinalProject2.app */ = {isa = PBXFileReference; explicitFileType = wrapper.application; includeInIndex = 0; path = FinalProject2.app; sourceTree = BUILT_PRODUCTS_DIR; };
		524185EE1ECC249C005882E0 /* AppDelegate.swift */ = {isa = PBXFileReference; lastKnownFileType = sourcecode.swift; path = AppDelegate.swift; sourceTree = "<group>"; };
		524185F31ECC249C005882E0 /* Base */ = {isa = PBXFileReference; lastKnownFileType = file.storyboard; name = Base; path = Base.lproj/Main.storyboard; sourceTree = "<group>"; };
		524185F51ECC249C005882E0 /* Assets.xcassets */ = {isa = PBXFileReference; lastKnownFileType = folder.assetcatalog; path = Assets.xcassets; sourceTree = "<group>"; };
		524185F81ECC249C005882E0 /* Base */ = {isa = PBXFileReference; lastKnownFileType = file.storyboard; name = Base; path = Base.lproj/LaunchScreen.storyboard; sourceTree = "<group>"; };
		524185FA1ECC249C005882E0 /* Info.plist */ = {isa = PBXFileReference; lastKnownFileType = text.plist.xml; path = Info.plist; sourceTree = "<group>"; };
		524186031ECC2AC0005882E0 /* CollectionViewCell.swift */ = {isa = PBXFileReference; fileEncoding = 4; lastKnownFileType = sourcecode.swift; path = CollectionViewCell.swift; sourceTree = "<group>"; };
		524186061ECC2B01005882E0 /* CustomFlowLayout.swift */ = {isa = PBXFileReference; fileEncoding = 4; lastKnownFileType = sourcecode.swift; path = CustomFlowLayout.swift; sourceTree = "<group>"; };
/* End PBXFileReference section */

/* Begin PBXFrameworksBuildPhase section */
		524185E81ECC249C005882E0 /* Frameworks */ = {
			isa = PBXFrameworksBuildPhase;
			buildActionMask = 2147483647;
			files = (
			);
			runOnlyForDeploymentPostprocessing = 0;
		};
/* End PBXFrameworksBuildPhase section */

/* Begin PBXGroup section */
		3D398E1B1ECC2C34002E7BC7 /* Views */ = {
			isa = PBXGroup;
			children = (
				3D398E131ECC2C21002E7BC7 /* MyEventsTableViewCell.xib */,
				3D398E141ECC2C21002E7BC7 /* MyEventsTableViewCell.swift */,
				3D398E151ECC2C21002E7BC7 /* EventsTableViewCell.xib */,
				3D398E161ECC2C21002E7BC7 /* EventsTableViewCell.swift */,
			);
			name = Views;
			sourceTree = "<group>";
		};
		3D398E221ECC2C73002E7BC7 /* Helpers */ = {
			isa = PBXGroup;
			children = (
				3D398E1E1ECC2C5B002E7BC7 /* ListenToAPI.swift */,
			);
			name = Helpers;
			sourceTree = "<group>";
		};
		524185E21ECC249C005882E0 = {
			isa = PBXGroup;
			children = (
				524185ED1ECC249C005882E0 /* FinalProject2 */,
				524185EC1ECC249C005882E0 /* Products */,
			);
			sourceTree = "<group>";
		};
		524185EC1ECC249C005882E0 /* Products */ = {
			isa = PBXGroup;
			children = (
				524185EB1ECC249C005882E0 /* FinalProject2.app */,
			);
			name = Products;
			sourceTree = "<group>";
		};
		524185ED1ECC249C005882E0 /* FinalProject2 */ = {
			isa = PBXGroup;
			children = (
				524186011ECC2A8A005882E0 /* Controllers */,
				3D398E221ECC2C73002E7BC7 /* Helpers */,
				3D398E1B1ECC2C34002E7BC7 /* Views */,
				524186021ECC2A92005882E0 /* Interface */,
				524186001ECC2A82005882E0 /* Support */,
				524186051ECC2ACF005882E0 /* Models */,
			);
			path = FinalProject2;
			sourceTree = "<group>";
		};
		524186001ECC2A82005882E0 /* Support */ = {
			isa = PBXGroup;
			children = (
				524185F51ECC249C005882E0 /* Assets.xcassets */,
				524185EE1ECC249C005882E0 /* AppDelegate.swift */,
				524185F71ECC249C005882E0 /* LaunchScreen.storyboard */,
				524185FA1ECC249C005882E0 /* Info.plist */,
			);
			name = Support;
			sourceTree = "<group>";
		};
		524186011ECC2A8A005882E0 /* Controllers */ = {
			isa = PBXGroup;
			children = (
				3D398E231ECC385E002E7BC7 /* MyEventsViewController.swift */,
				3D398E251ECC3879002E7BC7 /* EventsViewController.swift */,
				3D398E1C1ECC2C5B002E7BC7 /* MainViewController.swift */,
				3D398E1D1ECC2C5B002E7BC7 /* LoginViewController.swift */,
			);
			name = Controllers;
			sourceTree = "<group>";
		};
		524186021ECC2A92005882E0 /* Interface */ = {
			isa = PBXGroup;
			children = (
				524185F21ECC249C005882E0 /* Main.storyboard */,
			);
			name = Interface;
			sourceTree = "<group>";
		};
		524186051ECC2ACF005882E0 /* Models */ = {
			isa = PBXGroup;
			children = (
				524186031ECC2AC0005882E0 /* CollectionViewCell.swift */,
				524186061ECC2B01005882E0 /* CustomFlowLayout.swift */,
			);
			name = Models;
			sourceTree = "<group>";
		};
/* End PBXGroup section */

/* Begin PBXNativeTarget section */
		524185EA1ECC249C005882E0 /* FinalProject2 */ = {
			isa = PBXNativeTarget;
			buildConfigurationList = 524185FD1ECC249C005882E0 /* Build configuration list for PBXNativeTarget "FinalProject2" */;
			buildPhases = (
				524185E71ECC249C005882E0 /* Sources */,
				524185E81ECC249C005882E0 /* Frameworks */,
				524185E91ECC249C005882E0 /* Resources */,
			);
			buildRules = (
			);
			dependencies = (
			);
			name = FinalProject2;
			productName = FinalProject2;
			productReference = 524185EB1ECC249C005882E0 /* FinalProject2.app */;
			productType = "com.apple.product-type.application";
		};
/* End PBXNativeTarget section */

/* Begin PBXProject section */
		524185E31ECC249C005882E0 /* Project object */ = {
			isa = PBXProject;
			attributes = {
				LastSwiftUpdateCheck = 0820;
				LastUpgradeCheck = 0820;
				ORGANIZATIONNAME = Burst;
				TargetAttributes = {
					524185EA1ECC249C005882E0 = {
						CreatedOnToolsVersion = 8.2.1;
						DevelopmentTeam = XUN95V9WDZ;
						ProvisioningStyle = Automatic;
					};
				};
			};
			buildConfigurationList = 524185E61ECC249C005882E0 /* Build configuration list for PBXProject "FinalProject2" */;
			compatibilityVersion = "Xcode 3.2";
			developmentRegion = English;
			hasScannedForEncodings = 0;
			knownRegions = (
				en,
				Base,
			);
			mainGroup = 524185E21ECC249C005882E0;
			productRefGroup = 524185EC1ECC249C005882E0 /* Products */;
			projectDirPath = "";
			projectRoot = "";
			targets = (
				524185EA1ECC249C005882E0 /* FinalProject2 */,
			);
		};
/* End PBXProject section */

/* Begin PBXResourcesBuildPhase section */
		524185E91ECC249C005882E0 /* Resources */ = {
			isa = PBXResourcesBuildPhase;
			buildActionMask = 2147483647;
			files = (
				3D398E191ECC2C21002E7BC7 /* EventsTableViewCell.xib in Resources */,
				3D398E171ECC2C21002E7BC7 /* MyEventsTableViewCell.xib in Resources */,
				524185F91ECC249C005882E0 /* LaunchScreen.storyboard in Resources */,
				524185F61ECC249C005882E0 /* Assets.xcassets in Resources */,
				524185F41ECC249C005882E0 /* Main.storyboard in Resources */,
			);
			runOnlyForDeploymentPostprocessing = 0;
		};
/* End PBXResourcesBuildPhase section */

/* Begin PBXSourcesBuildPhase section */
		524185E71ECC249C005882E0 /* Sources */ = {
			isa = PBXSourcesBuildPhase;
			buildActionMask = 2147483647;
			files = (
				3D398E1F1ECC2C5B002E7BC7 /* MainViewController.swift in Sources */,
				3D398E211ECC2C5B002E7BC7 /* ListenToAPI.swift in Sources */,
				524185EF1ECC249C005882E0 /* AppDelegate.swift in Sources */,
				524186071ECC2B01005882E0 /* CustomFlowLayout.swift in Sources */,
				3D398E241ECC385E002E7BC7 /* MyEventsViewController.swift in Sources */,
				3D398E201ECC2C5B002E7BC7 /* LoginViewController.swift in Sources */,
				3D398E181ECC2C21002E7BC7 /* MyEventsTableViewCell.swift in Sources */,
				3D398E1A1ECC2C21002E7BC7 /* EventsTableViewCell.swift in Sources */,
				524186041ECC2AC0005882E0 /* CollectionViewCell.swift in Sources */,
				3D398E261ECC3879002E7BC7 /* EventsViewController.swift in Sources */,
			);
			runOnlyForDeploymentPostprocessing = 0;
		};
/* End PBXSourcesBuildPhase section */

/* Begin PBXVariantGroup section */
		524185F21ECC249C005882E0 /* Main.storyboard */ = {
			isa = PBXVariantGroup;
			children = (
				524185F31ECC249C005882E0 /* Base */,
			);
			name = Main.storyboard;
			sourceTree = "<group>";
		};
		524185F71ECC249C005882E0 /* LaunchScreen.storyboard */ = {
			isa = PBXVariantGroup;
			children = (
				524185F81ECC249C005882E0 /* Base */,
			);
			name = LaunchScreen.storyboard;
			sourceTree = "<group>";
		};
/* End PBXVariantGroup section */

/* Begin XCBuildConfiguration section */
		524185FB1ECC249C005882E0 /* Debug */ = {
			isa = XCBuildConfiguration;
			buildSettings = {
				ALWAYS_SEARCH_USER_PATHS = NO;
				CLANG_ANALYZER_NONNULL = YES;
				CLANG_CXX_LANGUAGE_STANDARD = "gnu++0x";
				CLANG_CXX_LIBRARY = "libc++";
				CLANG_ENABLE_MODULES = YES;
				CLANG_ENABLE_OBJC_ARC = YES;
				CLANG_WARN_BOOL_CONVERSION = YES;
				CLANG_WARN_CONSTANT_CONVERSION = YES;
				CLANG_WARN_DIRECT_OBJC_ISA_USAGE = YES_ERROR;
				CLANG_WARN_DOCUMENTATION_COMMENTS = YES;
				CLANG_WARN_EMPTY_BODY = YES;
				CLANG_WARN_ENUM_CONVERSION = YES;
				CLANG_WARN_INFINITE_RECURSION = YES;
				CLANG_WARN_INT_CONVERSION = YES;
				CLANG_WARN_OBJC_ROOT_CLASS = YES_ERROR;
				CLANG_WARN_SUSPICIOUS_MOVE = YES;
				CLANG_WARN_UNREACHABLE_CODE = YES;
				CLANG_WARN__DUPLICATE_METHOD_MATCH = YES;
				"CODE_SIGN_IDENTITY[sdk=iphoneos*]" = "iPhone Developer";
				COPY_PHASE_STRIP = NO;
				DEBUG_INFORMATION_FORMAT = dwarf;
				ENABLE_STRICT_OBJC_MSGSEND = YES;
				ENABLE_TESTABILITY = YES;
				GCC_C_LANGUAGE_STANDARD = gnu99;
				GCC_DYNAMIC_NO_PIC = NO;
				GCC_NO_COMMON_BLOCKS = YES;
				GCC_OPTIMIZATION_LEVEL = 0;
				GCC_PREPROCESSOR_DEFINITIONS = (
					"DEBUG=1",
					"$(inherited)",
				);
				GCC_WARN_64_TO_32_BIT_CONVERSION = YES;
				GCC_WARN_ABOUT_RETURN_TYPE = YES_ERROR;
				GCC_WARN_UNDECLARED_SELECTOR = YES;
				GCC_WARN_UNINITIALIZED_AUTOS = YES_AGGRESSIVE;
				GCC_WARN_UNUSED_FUNCTION = YES;
				GCC_WARN_UNUSED_VARIABLE = YES;
				IPHONEOS_DEPLOYMENT_TARGET = 10.2;
				MTL_ENABLE_DEBUG_INFO = YES;
				ONLY_ACTIVE_ARCH = YES;
				SDKROOT = iphoneos;
				SWIFT_ACTIVE_COMPILATION_CONDITIONS = DEBUG;
				SWIFT_OPTIMIZATION_LEVEL = "-Onone";
				TARGETED_DEVICE_FAMILY = "1,2";
			};
			name = Debug;
		};
		524185FC1ECC249C005882E0 /* Release */ = {
			isa = XCBuildConfiguration;
			buildSettings = {
				ALWAYS_SEARCH_USER_PATHS = NO;
				CLANG_ANALYZER_NONNULL = YES;
				CLANG_CXX_LANGUAGE_STANDARD = "gnu++0x";
				CLANG_CXX_LIBRARY = "libc++";
				CLANG_ENABLE_MODULES = YES;
				CLANG_ENABLE_OBJC_ARC = YES;
				CLANG_WARN_BOOL_CONVERSION = YES;
				CLANG_WARN_CONSTANT_CONVERSION = YES;
				CLANG_WARN_DIRECT_OBJC_ISA_USAGE = YES_ERROR;
				CLANG_WARN_DOCUMENTATION_COMMENTS = YES;
				CLANG_WARN_EMPTY_BODY = YES;
				CLANG_WARN_ENUM_CONVERSION = YES;
				CLANG_WARN_INFINITE_RECURSION = YES;
				CLANG_WARN_INT_CONVERSION = YES;
				CLANG_WARN_OBJC_ROOT_CLASS = YES_ERROR;
				CLANG_WARN_SUSPICIOUS_MOVE = YES;
				CLANG_WARN_UNREACHABLE_CODE = YES;
				CLANG_WARN__DUPLICATE_METHOD_MATCH = YES;
				"CODE_SIGN_IDENTITY[sdk=iphoneos*]" = "iPhone Developer";
				COPY_PHASE_STRIP = NO;
				DEBUG_INFORMATION_FORMAT = "dwarf-with-dsym";
				ENABLE_NS_ASSERTIONS = NO;
				ENABLE_STRICT_OBJC_MSGSEND = YES;
				GCC_C_LANGUAGE_STANDARD = gnu99;
				GCC_NO_COMMON_BLOCKS = YES;
				GCC_WARN_64_TO_32_BIT_CONVERSION = YES;
				GCC_WARN_ABOUT_RETURN_TYPE = YES_ERROR;
				GCC_WARN_UNDECLARED_SELECTOR = YES;
				GCC_WARN_UNINITIALIZED_AUTOS = YES_AGGRESSIVE;
				GCC_WARN_UNUSED_FUNCTION = YES;
				GCC_WARN_UNUSED_VARIABLE = YES;
				IPHONEOS_DEPLOYMENT_TARGET = 10.2;
				MTL_ENABLE_DEBUG_INFO = NO;
				SDKROOT = iphoneos;
				SWIFT_OPTIMIZATION_LEVEL = "-Owholemodule";
				TARGETED_DEVICE_FAMILY = "1,2";
				VALIDATE_PRODUCT = YES;
			};
			name = Release;
		};
		524185FE1ECC249C005882E0 /* Debug */ = {
			isa = XCBuildConfiguration;
			buildSettings = {
				ASSETCATALOG_COMPILER_APPICON_NAME = AppIcon;
				DEVELOPMENT_TEAM = XUN95V9WDZ;
				INFOPLIST_FILE = FinalProject2/Info.plist;
				LD_RUNPATH_SEARCH_PATHS = "$(inherited) @executable_path/Frameworks";
				PRODUCT_BUNDLE_IDENTIFIER = com.Burst.FinalProject2;
				PRODUCT_NAME = "$(TARGET_NAME)";
				SWIFT_VERSION = 3.0;
			};
			name = Debug;
		};
		524185FF1ECC249C005882E0 /* Release */ = {
			isa = XCBuildConfiguration;
			buildSettings = {
				ASSETCATALOG_COMPILER_APPICON_NAME = AppIcon;
				DEVELOPMENT_TEAM = XUN95V9WDZ;
				INFOPLIST_FILE = FinalProject2/Info.plist;
				LD_RUNPATH_SEARCH_PATHS = "$(inherited) @executable_path/Frameworks";
				PRODUCT_BUNDLE_IDENTIFIER = com.Burst.FinalProject2;
				PRODUCT_NAME = "$(TARGET_NAME)";
				SWIFT_VERSION = 3.0;
			};
			name = Release;
		};
/* End XCBuildConfiguration section */

/* Begin XCConfigurationList section */
		524185E61ECC249C005882E0 /* Build configuration list for PBXProject "FinalProject2" */ = {
			isa = XCConfigurationList;
			buildConfigurations = (
				524185FB1ECC249C005882E0 /* Debug */,
				524185FC1ECC249C005882E0 /* Release */,
			);
			defaultConfigurationIsVisible = 0;
			defaultConfigurationName = Release;
		};
		524185FD1ECC249C005882E0 /* Build configuration list for PBXNativeTarget "FinalProject2" */ = {
			isa = XCConfigurationList;
			buildConfigurations = (
				524185FE1ECC249C005882E0 /* Debug */,
				524185FF1ECC249C005882E0 /* Release */,
			);
			defaultConfigurationIsVisible = 0;
			defaultConfigurationName = Release;
		};
/* End XCConfigurationList section */
	};
	rootObject = 524185E31ECC249C005882E0 /* Project object */;
}
